
Microsoft Visual Studio Solution File, Format Version 12.00
# Visual Studio Version 17
VisualStudioVersion = 17.0.31903.59
MinimumVisualStudioVersion = 10.0.40219.1
Project("{FAE04EC0-301F-11D3-BF4B-00C04F79EFBC}") = "WebAPI", "WebAPI\WebAPI.csproj", "{E1696011-9467-40F3-A19A-EA4893662254}"
EndProject
Project("{FAE04EC0-301F-11D3-BF4B-00C04F79EFBC}") = "DatabaseService", "DatabaseService\DatabaseService.csproj", "{DA6661AE-3A8C-800B-75A3-15DF38DAC272}"
EndProject
Project("{FAE04EC0-301F-11D3-BF4B-00C04F79EFBC}") = "Entites", "Models\Entites.csproj", "{262C6A48-AE34-D77E-44A9-AF0CD30983F0}"
EndProject
Project("{FAE04EC0-301F-11D3-BF4B-00C04F79EFBC}") = "Worker", "Worker\Worker.csproj", "{69C79C25-F84F-479E-3E79-EC68C71F7F70}"
EndProject
Global
	GlobalSection(SolutionConfigurationPlatforms) = preSolution
		Debug|Any CPU = Debug|Any CPU
		Debug|x64 = Debug|x64
		Debug|x86 = Debug|x86
		Release|Any CPU = Release|Any CPU
		Release|x64 = Release|x64
		Release|x86 = Release|x86
	EndGlobalSection
	GlobalSection(ProjectConfigurationPlatforms) = postSolution
		{E1696011-9467-40F3-A19A-EA4893662254}.Debug|Any CPU.ActiveCfg = Debug|Any CPU
		{E1696011-9467-40F3-A19A-EA4893662254}.Debug|Any CPU.Build.0 = Debug|Any CPU
		{E1696011-9467-40F3-A19A-EA4893662254}.Debug|x64.ActiveCfg = Debug|Any CPU
		{E1696011-9467-40F3-A19A-EA4893662254}.Debug|x64.Build.0 = Debug|Any CPU
		{E1696011-9467-40F3-A19A-EA4893662254}.Debug|x86.ActiveCfg = Debug|Any CPU
		{E1696011-9467-40F3-A19A-EA4893662254}.Debug|x86.Build.0 = Debug|Any CPU
		{E1696011-9467-40F3-A19A-EA4893662254}.Release|Any CPU.ActiveCfg = Release|Any CPU
		{E1696011-9467-40F3-A19A-EA4893662254}.Release|Any CPU.Build.0 = Release|Any CPU
		{E1696011-9467-40F3-A19A-EA4893662254}.Release|x64.ActiveCfg = Release|Any CPU
		{E1696011-9467-40F3-A19A-EA4893662254}.Release|x64.Build.0 = Release|Any CPU
		{E1696011-9467-40F3-A19A-EA4893662254}.Release|x86.ActiveCfg = Release|Any CPU
		{E1696011-9467-40F3-A19A-EA4893662254}.Release|x86.Build.0 = Release|Any CPU
		{DA6661AE-3A8C-800B-75A3-15DF38DAC272}.Debug|Any CPU.ActiveCfg = Debug|Any CPU
		{DA6661AE-3A8C-800B-75A3-15DF38DAC272}.Debug|Any CPU.Build.0 = Debug|Any CPU
		{DA6661AE-3A8C-800B-75A3-15DF38DAC272}.Debug|x64.ActiveCfg = Debug|Any CPU
		{DA6661AE-3A8C-800B-75A3-15DF38DAC272}.Debug|x64.Build.0 = Debug|Any CPU
		{DA6661AE-3A8C-800B-75A3-15DF38DAC272}.Debug|x86.ActiveCfg = Debug|Any CPU
		{DA6661AE-3A8C-800B-75A3-15DF38DAC272}.Debug|x86.Build.0 = Debug|Any CPU
		{DA6661AE-3A8C-800B-75A3-15DF38DAC272}.Release|Any CPU.ActiveCfg = Release|Any CPU
		{DA6661AE-3A8C-800B-75A3-15DF38DAC272}.Release|Any CPU.Build.0 = Release|Any CPU
		{DA6661AE-3A8C-800B-75A3-15DF38DAC272}.Release|x64.ActiveCfg = Release|Any CPU
		{DA6661AE-3A8C-800B-75A3-15DF38DAC272}.Release|x64.Build.0 = Release|Any CPU
		{DA6661AE-3A8C-800B-75A3-15DF38DAC272}.Release|x86.ActiveCfg = Release|Any CPU
		{DA6661AE-3A8C-800B-75A3-15DF38DAC272}.Release|x86.Build.0 = Release|Any CPU
		{262C6A48-AE34-D77E-44A9-AF0CD30983F0}.Debug|Any CPU.ActiveCfg = Debug|Any CPU
		{262C6A48-AE34-D77E-44A9-AF0CD30983F0}.Debug|Any CPU.Build.0 = Debug|Any CPU
		{262C6A48-AE34-D77E-44A9-AF0CD30983F0}.Debug|x64.ActiveCfg = Debug|Any CPU
		{262C6A48-AE34-D77E-44A9-AF0CD30983F0}.Debug|x64.Build.0 = Debug|Any CPU
		{262C6A48-AE34-D77E-44A9-AF0CD30983F0}.Debug|x86.ActiveCfg = Debug|Any CPU
		{262C6A48-AE34-D77E-44A9-AF0CD30983F0}.Debug|x86.Build.0 = Debug|Any CPU
		{262C6A48-AE34-D77E-44A9-AF0CD30983F0}.Release|Any CPU.ActiveCfg = Release|Any CPU
		{262C6A48-AE34-D77E-44A9-AF0CD30983F0}.Release|Any CPU.Build.0 = Release|Any CPU
		{262C6A48-AE34-D77E-44A9-AF0CD30983F0}.Release|x64.ActiveCfg = Release|Any CPU
		{262C6A48-AE34-D77E-44A9-AF0CD30983F0}.Release|x64.Build.0 = Release|Any CPU
		{262C6A48-AE34-D77E-44A9-AF0CD30983F0}.Release|x86.ActiveCfg = Release|Any CPU
		{262C6A48-AE34-D77E-44A9-AF0CD30983F0}.Release|x86.Build.0 = Release|Any CPU
		{69C79C25-F84F-479E-3E79-EC68C71F7F70}.Debug|Any CPU.ActiveCfg = Debug|Any CPU
		{69C79C25-F84F-479E-3E79-EC68C71F7F70}.Debug|Any CPU.Build.0 = Debug|Any CPU
		{69C79C25-F84F-479E-3E79-EC68C71F7F70}.Debug|x64.ActiveCfg = Debug|Any CPU
		{69C79C25-F84F-479E-3E79-EC68C71F7F70}.Debug|x64.Build.0 = Debug|Any CPU
		{69C79C25-F84F-479E-3E79-EC68C71F7F70}.Debug|x86.ActiveCfg = Debug|Any CPU
		{69C79C25-F84F-479E-3E79-EC68C71F7F70}.Debug|x86.Build.0 = Debug|Any CPU
		{69C79C25-F84F-479E-3E79-EC68C71F7F70}.Release|Any CPU.ActiveCfg = Release|Any CPU
		{69C79C25-F84F-479E-3E79-EC68C71F7F70}.Release|Any CPU.Build.0 = Release|Any CPU
		{69C79C25-F84F-479E-3E79-EC68C71F7F70}.Release|x64.ActiveCfg = Release|Any CPU
		{69C79C25-F84F-479E-3E79-EC68C71F7F70}.Release|x64.Build.0 = Release|Any CPU
		{69C79C25-F84F-479E-3E79-EC68C71F7F70}.Release|x86.ActiveCfg = Release|Any CPU
		{69C79C25-F84F-479E-3E79-EC68C71F7F70}.Release|x86.Build.0 = Release|Any CPU
	EndGlobalSection
	GlobalSection(SolutionProperties) = preSolution
		HideSolutionNode = FALSE
	EndGlobalSection
	GlobalSection(ExtensibilityGlobals) = postSolution
		SolutionGuid = {730511C3-9E74-408B-BFB2-C3709EB0B752}
	EndGlobalSection
EndGlobal
